NeoBundleLock foldCC 9c3051f0a6ccec6200c4c90b58a746372576d894
NeoBundleLock syntastic 822cb14be50bf0551860b84c07190eb5a2529c37
NeoBundleLock tcomment_vim 7c4277754b6b77fb80b47cd4a7384d1e2d6c1538
NeoBundleLock vim-latex 908ef75937ce908998edb4bd01c7152704978f3e
NeoBundleLock vim-localvimrc b9e9b5fab64e54a61fa36b77977b793039ac3cbd
NeoBundleLock vim-ros 65039c0224c5cd5dd84223b57a1504d8507f031f
